// !$*UTF8*$!
{
	archiveVersion = 1;
	classes = {
	};
	objectVersion = 46;
	objects = {

/* Begin PBXBuildFile section */
		8A3CDF961B2F80B10059AEB0 /* main.m in Sources */ = {isa = PBXBuildFile; fileRef = 8A3CDF951B2F80B10059AEB0 /* main.m */; };
		8A3CDF991B2F80B10059AEB0 /* AppDelegate.m in Sources */ = {isa = PBXBuildFile; fileRef = 8A3CDF981B2F80B10059AEB0 /* AppDelegate.m */; };
		8A3CDF9C1B2F80B10059AEB0 /* ViewController.m in Sources */ = {isa = PBXBuildFile; fileRef = 8A3CDF9B1B2F80B10059AEB0 /* ViewController.m */; };
		8A3CDF9F1B2F80B10059AEB0 /* Main.storyboard in Resources */ = {isa = PBXBuildFile; fileRef = 8A3CDF9D1B2F80B10059AEB0 /* Main.storyboard */; };
		8A3CDFA11B2F80B10059AEB0 /* Images.xcassets in Resources */ = {isa = PBXBuildFile; fileRef = 8A3CDFA01B2F80B10059AEB0 /* Images.xcassets */; };
		8A3CDFA41B2F80B10059AEB0 /* LaunchScreen.xib in Resources */ = {isa = PBXBuildFile; fileRef = 8A3CDFA21B2F80B10059AEB0 /* LaunchScreen.xib */; };
		8A3CDFB01B2F80B10059AEB0 /* LFHS_MUNTests.m in Sources */ = {isa = PBXBuildFile; fileRef = 8A3CDFAF1B2F80B10059AEB0 /* LFHS_MUNTests.m */; };
		8A3CDFC31B2F82710059AEB0 /* about.html in Resources */ = {isa = PBXBuildFile; fileRef = 8A3CDFB91B2F82710059AEB0 /* about.html */; };
		8A3CDFC41B2F82710059AEB0 /* about.html in Resources */ = {isa = PBXBuildFile; fileRef = 8A3CDFB91B2F82710059AEB0 /* about.html */; };
		8A3CDFC51B2F82710059AEB0 /* contact.html in Resources */ = {isa = PBXBuildFile; fileRef = 8A3CDFBA1B2F82710059AEB0 /* contact.html */; };
		8A3CDFC61B2F82710059AEB0 /* contact.html in Resources */ = {isa = PBXBuildFile; fileRef = 8A3CDFBA1B2F82710059AEB0 /* contact.html */; };
		8A3CDFC71B2F82710059AEB0 /* css in Resources */ = {isa = PBXBuildFile; fileRef = 8A3CDFBB1B2F82710059AEB0 /* css */; };
		8A3CDFC81B2F82710059AEB0 /* css in Resources */ = {isa = PBXBuildFile; fileRef = 8A3CDFBB1B2F82710059AEB0 /* css */; };
		8A3CDFC91B2F82710059AEB0 /* fonts in Resources */ = {isa = PBXBuildFile; fileRef = 8A3CDFBC1B2F82710059AEB0 /* fonts */; };
		8A3CDFCA1B2F82710059AEB0 /* fonts in Resources */ = {isa = PBXBuildFile; fileRef = 8A3CDFBC1B2F82710059AEB0 /* fonts */; };
		8A3CDFCB1B2F82710059AEB0 /* img in Resources */ = {isa = PBXBuildFile; fileRef = 8A3CDFBD1B2F82710059AEB0 /* img */; };
		8A3CDFCC1B2F82710059AEB0 /* img in Resources */ = {isa = PBXBuildFile; fileRef = 8A3CDFBD1B2F82710059AEB0 /* img */; };
		8A3CDFCD1B2F82710059AEB0 /* index.html in Resources */ = {isa = PBXBuildFile; fileRef = 8A3CDFBE1B2F82710059AEB0 /* index.html */; };
		8A3CDFCE1B2F82710059AEB0 /* index.html in Resources */ = {isa = PBXBuildFile; fileRef = 8A3CDFBE1B2F82710059AEB0 /* index.html */; };
		8A3CDFCF1B2F82710059AEB0 /* js in Resources */ = {isa = PBXBuildFile; fileRef = 8A3CDFBF1B2F82710059AEB0 /* js */; };
		8A3CDFD01B2F82710059AEB0 /* js in Resources */ = {isa = PBXBuildFile; fileRef = 8A3CDFBF1B2F82710059AEB0 /* js */; };
		8A3CDFD11B2F82710059AEB0 /* meeting.html in Resources */ = {isa = PBXBuildFile; fileRef = 8A3CDFC01B2F82710059AEB0 /* meeting.html */; };
		8A3CDFD21B2F82710059AEB0 /* meeting.html in Resources */ = {isa = PBXBuildFile; fileRef = 8A3CDFC01B2F82710059AEB0 /* meeting.html */; };
		8A3CDFD51B2F82710059AEB0 /* tonight.html in Resources */ = {isa = PBXBuildFile; fileRef = 8A3CDFC21B2F82710059AEB0 /* tonight.html */; };
		8A3CDFD61B2F82710059AEB0 /* tonight.html in Resources */ = {isa = PBXBuildFile; fileRef = 8A3CDFC21B2F82710059AEB0 /* tonight.html */; };
		8A3CDFD91B2F82C60059AEB0 /* Reachability.m in Sources */ = {isa = PBXBuildFile; fileRef = 8A3CDFD81B2F82C60059AEB0 /* Reachability.m */; };
		8A3CDFDA1B2F82C60059AEB0 /* Reachability.m in Sources */ = {isa = PBXBuildFile; fileRef = 8A3CDFD81B2F82C60059AEB0 /* Reachability.m */; };
		8A3CDFE01B2F867F0059AEB0 /* 57.png in Resources */ = {isa = PBXBuildFile; fileRef = 8A3CDFDB1B2F867F0059AEB0 /* 57.png */; };
		8A3CDFE11B2F867F0059AEB0 /* 57.png in Resources */ = {isa = PBXBuildFile; fileRef = 8A3CDFDB1B2F867F0059AEB0 /* 57.png */; };
		8A3CDFE21B2F867F0059AEB0 /* 120.png in Resources */ = {isa = PBXBuildFile; fileRef = 8A3CDFDC1B2F867F0059AEB0 /* 120.png */; };
		8A3CDFE31B2F867F0059AEB0 /* 120.png in Resources */ = {isa = PBXBuildFile; fileRef = 8A3CDFDC1B2F867F0059AEB0 /* 120.png */; };
		8A3CDFE41B2F867F0059AEB0 /* 180.png in Resources */ = {isa = PBXBuildFile; fileRef = 8A3CDFDD1B2F867F0059AEB0 /* 180.png */; };
		8A3CDFE51B2F867F0059AEB0 /* 180.png in Resources */ = {isa = PBXBuildFile; fileRef = 8A3CDFDD1B2F867F0059AEB0 /* 180.png */; };
		8A3CDFE61B2F867F0059AEB0 /* 87.png in Resources */ = {isa = PBXBuildFile; fileRef = 8A3CDFDE1B2F867F0059AEB0 /* 87.png */; };
		8A3CDFE71B2F867F0059AEB0 /* 87.png in Resources */ = {isa = PBXBuildFile; fileRef = 8A3CDFDE1B2F867F0059AEB0 /* 87.png */; };
		8A3CDFE81B2F867F0059AEB0 /* MUN.psd in Resources */ = {isa = PBXBuildFile; fileRef = 8A3CDFDF1B2F867F0059AEB0 /* MUN.psd */; };
		8A3CDFE91B2F867F0059AEB0 /* MUN.psd in Resources */ = {isa = PBXBuildFile; fileRef = 8A3CDFDF1B2F867F0059AEB0 /* MUN.psd */; };
		8AFFAE191B2F9364007F2791 /* breaking.html in Resources */ = {isa = PBXBuildFile; fileRef = 8AFFAE181B2F9364007F2791 /* breaking.html */; };
/* End PBXBuildFile section */

/* Begin PBXContainerItemProxy section */
		8A3CDFAA1B2F80B10059AEB0 /* PBXContainerItemProxy */ = {
			isa = PBXContainerItemProxy;
			containerPortal = 8A3CDF881B2F80B10059AEB0 /* Project object */;
			proxyType = 1;
			remoteGlobalIDString = 8A3CDF8F1B2F80B10059AEB0;
			remoteInfo = "LFHS MUN";
		};
/* End PBXContainerItemProxy section */

/* Begin PBXFileReference section */
		8A3CDF901B2F80B10059AEB0 /* LFHS MUN.app */ = {isa = PBXFileReference; explicitFileType = wrapper.application; includeInIndex = 0; path = "LFHS MUN.app"; sourceTree = BUILT_PRODUCTS_DIR; };
		8A3CDF941B2F80B10059AEB0 /* Info.plist */ = {isa = PBXFileReference; lastKnownFileType = text.plist.xml; path = Info.plist; sourceTree = "<group>"; };
		8A3CDF951B2F80B10059AEB0 /* main.m */ = {isa = PBXFileReference; lastKnownFileType = sourcecode.c.objc; path = main.m; sourceTree = "<group>"; };
		8A3CDF971B2F80B10059AEB0 /* AppDelegate.h */ = {isa = PBXFileReference; lastKnownFileType = sourcecode.c.h; path = AppDelegate.h; sourceTree = "<group>"; };
		8A3CDF981B2F80B10059AEB0 /* AppDelegate.m */ = {isa = PBXFileReference; lastKnownFileType = sourcecode.c.objc; path = AppDelegate.m; sourceTree = "<group>"; };
		8A3CDF9A1B2F80B10059AEB0 /* ViewController.h */ = {isa = PBXFileReference; lastKnownFileType = sourcecode.c.h; path = ViewController.h; sourceTree = "<group>"; };
		8A3CDF9B1B2F80B10059AEB0 /* ViewController.m */ = {isa = PBXFileReference; lastKnownFileType = sourcecode.c.objc; path = ViewController.m; sourceTree = "<group>"; };
		8A3CDF9E1B2F80B10059AEB0 /* Base */ = {isa = PBXFileReference; lastKnownFileType = file.storyboard; name = Base; path = Base.lproj/Main.storyboard; sourceTree = "<group>"; };
		8A3CDFA01B2F80B10059AEB0 /* Images.xcassets */ = {isa = PBXFileReference; lastKnownFileType = folder.assetcatalog; path = Images.xcassets; sourceTree = "<group>"; };
		8A3CDFA31B2F80B10059AEB0 /* Base */ = {isa = PBXFileReference; lastKnownFileType = file.xib; name = Base; path = Base.lproj/LaunchScreen.xib; sourceTree = "<group>"; };
		8A3CDFA91B2F80B10059AEB0 /* LFHS MUNTests.xctest */ = {isa = PBXFileReference; explicitFileType = wrapper.cfbundle; includeInIndex = 0; path = "LFHS MUNTests.xctest"; sourceTree = BUILT_PRODUCTS_DIR; };
		8A3CDFAE1B2F80B10059AEB0 /* Info.plist */ = {isa = PBXFileReference; lastKnownFileType = text.plist.xml; path = Info.plist; sourceTree = "<group>"; };
		8A3CDFAF1B2F80B10059AEB0 /* LFHS_MUNTests.m */ = {isa = PBXFileReference; lastKnownFileType = sourcecode.c.objc; path = LFHS_MUNTests.m; sourceTree = "<group>"; };
		8A3CDFB91B2F82710059AEB0 /* about.html */ = {isa = PBXFileReference; fileEncoding = 4; lastKnownFileType = text.html; path = about.html; sourceTree = "<group>"; };
		8A3CDFBA1B2F82710059AEB0 /* contact.html */ = {isa = PBXFileReference; fileEncoding = 4; lastKnownFileType = text.html; path = contact.html; sourceTree = "<group>"; };
		8A3CDFBB1B2F82710059AEB0 /* css */ = {isa = PBXFileReference; lastKnownFileType = folder; path = css; sourceTree = "<group>"; };
		8A3CDFBC1B2F82710059AEB0 /* fonts */ = {isa = PBXFileReference; lastKnownFileType = folder; path = fonts; sourceTree = "<group>"; };
		8A3CDFBD1B2F82710059AEB0 /* img */ = {isa = PBXFileReference; lastKnownFileType = folder; path = img; sourceTree = "<group>"; };
		8A3CDFBE1B2F82710059AEB0 /* index.html */ = {isa = PBXFileReference; fileEncoding = 4; lastKnownFileType = text.html; path = index.html; sourceTree = "<group>"; };
		8A3CDFBF1B2F82710059AEB0 /* js */ = {isa = PBXFileReference; lastKnownFileType = folder; path = js; sourceTree = "<group>"; };
		8A3CDFC01B2F82710059AEB0 /* meeting.html */ = {isa = PBXFileReference; fileEncoding = 4; lastKnownFileType = text.html; path = meeting.html; sourceTree = "<group>"; };
		8A3CDFC21B2F82710059AEB0 /* tonight.html */ = {isa = PBXFileReference; fileEncoding = 4; lastKnownFileType = text.html; path = tonight.html; sourceTree = "<group>"; };
		8A3CDFD71B2F82C60059AEB0 /* Reachability.h */ = {isa = PBXFileReference; fileEncoding = 4; lastKnownFileType = sourcecode.c.h; path = Reachability.h; sourceTree = "<group>"; };
		8A3CDFD81B2F82C60059AEB0 /* Reachability.m */ = {isa = PBXFileReference; fileEncoding = 4; lastKnownFileType = sourcecode.c.objc; path = Reachability.m; sourceTree = "<group>"; };
		8A3CDFDB1B2F867F0059AEB0 /* 57.png */ = {isa = PBXFileReference; lastKnownFileType = image.png; path = 57.png; sourceTree = "<group>"; };
		8A3CDFDC1B2F867F0059AEB0 /* 120.png */ = {isa = PBXFileReference; lastKnownFileType = image.png; path = 120.png; sourceTree = "<group>"; };
		8A3CDFDD1B2F867F0059AEB0 /* 180.png */ = {isa = PBXFileReference; lastKnownFileType = image.png; path = 180.png; sourceTree = "<group>"; };
		8A3CDFDE1B2F867F0059AEB0 /* 87.png */ = {isa = PBXFileReference; lastKnownFileType = image.png; path = 87.png; sourceTree = "<group>"; };
		8A3CDFDF1B2F867F0059AEB0 /* MUN.psd */ = {isa = PBXFileReference; lastKnownFileType = file; path = MUN.psd; sourceTree = "<group>"; };
		8AFFAE181B2F9364007F2791 /* breaking.html */ = {isa = PBXFileReference; fileEncoding = 4; lastKnownFileType = text.html; path = breaking.html; sourceTree = "<group>"; };
/* End PBXFileReference section */

/* Begin PBXFrameworksBuildPhase section */
		8A3CDF8D1B2F80B10059AEB0 /* Frameworks */ = {
			isa = PBXFrameworksBuildPhase;
			buildActionMask = 2147483647;
			files = (
			);
			runOnlyForDeploymentPostprocessing = 0;
		};
		8A3CDFA61B2F80B10059AEB0 /* Frameworks */ = {
			isa = PBXFrameworksBuildPhase;
			buildActionMask = 2147483647;
			files = (
			);
			runOnlyForDeploymentPostprocessing = 0;
		};
/* End PBXFrameworksBuildPhase section */

/* Begin PBXGroup section */
		8A1568E21B2FAD460004A554 /* Objective-C code */ = {
			isa = PBXGroup;
			children = (
				8A3CDF971B2F80B10059AEB0 /* AppDelegate.h */,
				8A3CDF981B2F80B10059AEB0 /* AppDelegate.m */,
				8A3CDF9A1B2F80B10059AEB0 /* ViewController.h */,
				8A3CDF9B1B2F80B10059AEB0 /* ViewController.m */,
				8A3CDFD71B2F82C60059AEB0 /* Reachability.h */,
				8A3CDFD81B2F82C60059AEB0 /* Reachability.m */,
			);
			name = "Objective-C code";
			sourceTree = "<group>";
		};
		8A1568E31B2FAD730004A554 /* Storyboard and Launch Screen */ = {
			isa = PBXGroup;
			children = (
				8A3CDF9D1B2F80B10059AEB0 /* Main.storyboard */,
				8A3CDFA21B2F80B10059AEB0 /* LaunchScreen.xib */,
			);
			name = "Storyboard and Launch Screen";
			sourceTree = "<group>";
		};
		8A1568E41B2FAD890004A554 /* HTML, CSS, and JS code */ = {
			isa = PBXGroup;
			children = (
				8AFFAE181B2F9364007F2791 /* breaking.html */,
				8A3CDFB91B2F82710059AEB0 /* about.html */,
				8A3CDFBA1B2F82710059AEB0 /* contact.html */,
				8A3CDFBB1B2F82710059AEB0 /* css */,
				8A3CDFBC1B2F82710059AEB0 /* fonts */,
				8A3CDFBD1B2F82710059AEB0 /* img */,
				8A3CDFBE1B2F82710059AEB0 /* index.html */,
				8A3CDFBF1B2F82710059AEB0 /* js */,
				8A3CDFC01B2F82710059AEB0 /* meeting.html */,
				8A3CDFC21B2F82710059AEB0 /* tonight.html */,
			);
			name = "HTML, CSS, and JS code";
			sourceTree = "<group>";
		};
		8A1568E51B2FADA40004A554 /* Xcode Assets */ = {
			isa = PBXGroup;
			children = (
				8A3CDFA01B2F80B10059AEB0 /* Images.xcassets */,
				8A3CDFDB1B2F867F0059AEB0 /* 57.png */,
				8A3CDFDC1B2F867F0059AEB0 /* 120.png */,
				8A3CDFDD1B2F867F0059AEB0 /* 180.png */,
				8A3CDFDE1B2F867F0059AEB0 /* 87.png */,
				8A3CDFDF1B2F867F0059AEB0 /* MUN.psd */,
			);
			name = "Xcode Assets";
			sourceTree = "<group>";
		};
		8A3CDF871B2F80B10059AEB0 = {
			isa = PBXGroup;
			children = (
				8A3CDF921B2F80B10059AEB0 /* LFHS MUN */,
				8A3CDFAC1B2F80B10059AEB0 /* LFHS MUNTests */,
				8A3CDF911B2F80B10059AEB0 /* Products */,
			);
			sourceTree = "<group>";
		};
		8A3CDF911B2F80B10059AEB0 /* Products */ = {
			isa = PBXGroup;
			children = (
				8A3CDF901B2F80B10059AEB0 /* LFHS MUN.app */,
				8A3CDFA91B2F80B10059AEB0 /* LFHS MUNTests.xctest */,
			);
			name = Products;
			sourceTree = "<group>";
		};
		8A3CDF921B2F80B10059AEB0 /* LFHS MUN */ = {
			isa = PBXGroup;
			children = (
				8A1568E21B2FAD460004A554 /* Objective-C code */,
				8A1568E31B2FAD730004A554 /* Storyboard and Launch Screen */,
				8A1568E41B2FAD890004A554 /* HTML, CSS, and JS code */,
				8A1568E51B2FADA40004A554 /* Xcode Assets */,
				8A3CDF931B2F80B10059AEB0 /* Supporting Files */,
			);
			path = "LFHS MUN";
			sourceTree = "<group>";
		};
		8A3CDF931B2F80B10059AEB0 /* Supporting Files */ = {
			isa = PBXGroup;
			children = (
				8A3CDF941B2F80B10059AEB0 /* Info.plist */,
				8A3CDF951B2F80B10059AEB0 /* main.m */,
			);
			name = "Supporting Files";
			sourceTree = "<group>";
		};
		8A3CDFAC1B2F80B10059AEB0 /* LFHS MUNTests */ = {
			isa = PBXGroup;
			children = (
				8A3CDFAF1B2F80B10059AEB0 /* LFHS_MUNTests.m */,
				8A3CDFAD1B2F80B10059AEB0 /* Supporting Files */,
			);
			path = "LFHS MUNTests";
			sourceTree = "<group>";
		};
		8A3CDFAD1B2F80B10059AEB0 /* Supporting Files */ = {
			isa = PBXGroup;
			children = (
				8A3CDFAE1B2F80B10059AEB0 /* Info.plist */,
			);
			name = "Supporting Files";
			sourceTree = "<group>";
		};
/* End PBXGroup section */

/* Begin PBXNativeTarget section */
		8A3CDF8F1B2F80B10059AEB0 /* LFHS MUN */ = {
			isa = PBXNativeTarget;
			buildConfigurationList = 8A3CDFB31B2F80B10059AEB0 /* Build configuration list for PBXNativeTarget "LFHS MUN" */;
			buildPhases = (
				8A3CDF8C1B2F80B10059AEB0 /* Sources */,
				8A3CDF8D1B2F80B10059AEB0 /* Frameworks */,
				8A3CDF8E1B2F80B10059AEB0 /* Resources */,
			);
			buildRules = (
			);
			dependencies = (
			);
			name = "LFHS MUN";
			productName = "LFHS MUN";
			productReference = 8A3CDF901B2F80B10059AEB0 /* LFHS MUN.app */;
			productType = "com.apple.product-type.application";
		};
		8A3CDFA81B2F80B10059AEB0 /* LFHS MUNTests */ = {
			isa = PBXNativeTarget;
			buildConfigurationList = 8A3CDFB61B2F80B10059AEB0 /* Build configuration list for PBXNativeTarget "LFHS MUNTests" */;
			buildPhases = (
				8A3CDFA51B2F80B10059AEB0 /* Sources */,
				8A3CDFA61B2F80B10059AEB0 /* Frameworks */,
				8A3CDFA71B2F80B10059AEB0 /* Resources */,
			);
			buildRules = (
			);
			dependencies = (
				8A3CDFAB1B2F80B10059AEB0 /* PBXTargetDependency */,
			);
			name = "LFHS MUNTests";
			productName = "LFHS MUNTests";
			productReference = 8A3CDFA91B2F80B10059AEB0 /* LFHS MUNTests.xctest */;
			productType = "com.apple.product-type.bundle.unit-test";
		};
/* End PBXNativeTarget section */

/* Begin PBXProject section */
		8A3CDF881B2F80B10059AEB0 /* Project object */ = {
			isa = PBXProject;
			attributes = {
				LastUpgradeCheck = 0630;
				ORGANIZATIONNAME = "Brady Africk";
				TargetAttributes = {
					8A3CDF8F1B2F80B10059AEB0 = {
						CreatedOnToolsVersion = 6.3.2;
					};
					8A3CDFA81B2F80B10059AEB0 = {
						CreatedOnToolsVersion = 6.3.2;
						TestTargetID = 8A3CDF8F1B2F80B10059AEB0;
					};
				};
			};
			buildConfigurationList = 8A3CDF8B1B2F80B10059AEB0 /* Build configuration list for PBXProject "LFHS MUN" */;
			compatibilityVersion = "Xcode 3.2";
			developmentRegion = English;
			hasScannedForEncodings = 0;
			knownRegions = (
				en,
				Base,
			);
			mainGroup = 8A3CDF871B2F80B10059AEB0;
			productRefGroup = 8A3CDF911B2F80B10059AEB0 /* Products */;
			projectDirPath = "";
			projectRoot = "";
			targets = (
				8A3CDF8F1B2F80B10059AEB0 /* LFHS MUN */,
				8A3CDFA81B2F80B10059AEB0 /* LFHS MUNTests */,
			);
		};
/* End PBXProject section */

/* Begin PBXResourcesBuildPhase section */
		8A3CDF8E1B2F80B10059AEB0 /* Resources */ = {
			isa = PBXResourcesBuildPhase;
			buildActionMask = 2147483647;
			files = (
				8A3CDFE41B2F867F0059AEB0 /* 180.png in Resources */,
				8A3CDFE01B2F867F0059AEB0 /* 57.png in Resources */,
				8A3CDFCB1B2F82710059AEB0 /* img in Resources */,
				8A3CDFE81B2F867F0059AEB0 /* MUN.psd in Resources */,
				8A3CDFC71B2F82710059AEB0 /* css in Resources */,
				8A3CDFC51B2F82710059AEB0 /* contact.html in Resources */,
				8A3CDFCD1B2F82710059AEB0 /* index.html in Resources */,
				8A3CDFC31B2F82710059AEB0 /* about.html in Resources */,
				8A3CDFCF1B2F82710059AEB0 /* js in Resources */,
				8AFFAE191B2F9364007F2791 /* breaking.html in Resources */,
				8A3CDFE61B2F867F0059AEB0 /* 87.png in Resources */,
				8A3CDFC91B2F82710059AEB0 /* fonts in Resources */,
				8A3CDF9F1B2F80B10059AEB0 /* Main.storyboard in Resources */,
				8A3CDFD51B2F82710059AEB0 /* tonight.html in Resources */,
				8A3CDFA41B2F80B10059AEB0 /* LaunchScreen.xib in Resources */,
				8A3CDFE21B2F867F0059AEB0 /* 120.png in Resources */,
				8A3CDFA11B2F80B10059AEB0 /* Images.xcassets in Resources */,
				8A3CDFD11B2F82710059AEB0 /* meeting.html in Resources */,
			);
			runOnlyForDeploymentPostprocessing = 0;
		};
		8A3CDFA71B2F80B10059AEB0 /* Resources */ = {
			isa = PBXResourcesBuildPhase;
			buildActionMask = 2147483647;
			files = (
				8A3CDFE71B2F867F0059AEB0 /* 87.png in Resources */,
				8A3CDFD21B2F82710059AEB0 /* meeting.html in Resources */,
				8A3CDFE31B2F867F0059AEB0 /* 120.png in Resources */,
				8A3CDFCC1B2F82710059AEB0 /* img in Resources */,
				8A3CDFE51B2F867F0059AEB0 /* 180.png in Resources */,
				8A3CDFC81B2F82710059AEB0 /* css in Resources */,
				8A3CDFC41B2F82710059AEB0 /* about.html in Resources */,
				8A3CDFD01B2F82710059AEB0 /* js in Resources */,
				8A3CDFE11B2F867F0059AEB0 /* 57.png in Resources */,
				8A3CDFD61B2F82710059AEB0 /* tonight.html in Resources */,
				8A3CDFCE1B2F82710059AEB0 /* index.html in Resources */,
				8A3CDFC61B2F82710059AEB0 /* contact.html in Resources */,
				8A3CDFE91B2F867F0059AEB0 /* MUN.psd in Resources */,
				8A3CDFCA1B2F82710059AEB0 /* fonts in Resources */,
			);
			runOnlyForDeploymentPostprocessing = 0;
		};
/* End PBXResourcesBuildPhase section */

/* Begin PBXSourcesBuildPhase section */
		8A3CDF8C1B2F80B10059AEB0 /* Sources */ = {
			isa = PBXSourcesBuildPhase;
			buildActionMask = 2147483647;
			files = (
				8A3CDF9C1B2F80B10059AEB0 /* ViewController.m in Sources */,
				8A3CDF991B2F80B10059AEB0 /* AppDelegate.m in Sources */,
				8A3CDF961B2F80B10059AEB0 /* main.m in Sources */,
				8A3CDFD91B2F82C60059AEB0 /* Reachability.m in Sources */,
			);
			runOnlyForDeploymentPostprocessing = 0;
		};
		8A3CDFA51B2F80B10059AEB0 /* Sources */ = {
			isa = PBXSourcesBuildPhase;
			buildActionMask = 2147483647;
			files = (
				8A3CDFDA1B2F82C60059AEB0 /* Reachability.m in Sources */,
				8A3CDFB01B2F80B10059AEB0 /* LFHS_MUNTests.m in Sources */,
			);
			runOnlyForDeploymentPostprocessing = 0;
		};
/* End PBXSourcesBuildPhase section */

/* Begin PBXTargetDependency section */
		8A3CDFAB1B2F80B10059AEB0 /* PBXTargetDependency */ = {
			isa = PBXTargetDependency;
			target = 8A3CDF8F1B2F80B10059AEB0 /* LFHS MUN */;
			targetProxy = 8A3CDFAA1B2F80B10059AEB0 /* PBXContainerItemProxy */;
		};
/* End PBXTargetDependency section */

/* Begin PBXVariantGroup section */
		8A3CDF9D1B2F80B10059AEB0 /* Main.storyboard */ = {
			isa = PBXVariantGroup;
			children = (
				8A3CDF9E1B2F80B10059AEB0 /* Base */,
			);
			name = Main.storyboard;
			sourceTree = "<group>";
		};
		8A3CDFA21B2F80B10059AEB0 /* LaunchScreen.xib */ = {
			isa = PBXVariantGroup;
			children = (
				8A3CDFA31B2F80B10059AEB0 /* Base */,
			);
			name = LaunchScreen.xib;
			sourceTree = "<group>";
		};
/* End PBXVariantGroup section */

/* Begin XCBuildConfiguration section */
		8A3CDFB11B2F80B10059AEB0 /* Debug */ = {
			isa = XCBuildConfiguration;
			buildSettings = {
				ALWAYS_SEARCH_USER_PATHS = NO;
				CLANG_CXX_LANGUAGE_STANDARD = "gnu++0x";
				CLANG_CXX_LIBRARY = "libc++";
				CLANG_ENABLE_MODULES = YES;
				CLANG_ENABLE_OBJC_ARC = YES;
				CLANG_WARN_BOOL_CONVERSION = YES;
				CLANG_WARN_CONSTANT_CONVERSION = YES;
				CLANG_WARN_DIRECT_OBJC_ISA_USAGE = YES_ERROR;
				CLANG_WARN_EMPTY_BODY = YES;
				CLANG_WARN_ENUM_CONVERSION = YES;
				CLANG_WARN_INT_CONVERSION = YES;
				CLANG_WARN_OBJC_ROOT_CLASS = YES_ERROR;
				CLANG_WARN_UNREACHABLE_CODE = YES;
				CLANG_WARN__DUPLICATE_METHOD_MATCH = YES;
				"CODE_SIGN_IDENTITY[sdk=iphoneos*]" = "iPhone Developer";
				COPY_PHASE_STRIP = NO;
				DEBUG_INFORMATION_FORMAT = "dwarf-with-dsym";
				ENABLE_STRICT_OBJC_MSGSEND = YES;
				GCC_C_LANGUAGE_STANDARD = gnu99;
				GCC_DYNAMIC_NO_PIC = NO;
				GCC_NO_COMMON_BLOCKS = YES;
				GCC_OPTIMIZATION_LEVEL = 0;
				GCC_PREPROCESSOR_DEFINITIONS = (
					"DEBUG=1",
					"$(inherited)",
				);
				GCC_SYMBOLS_PRIVATE_EXTERN = NO;
				GCC_WARN_64_TO_32_BIT_CONVERSION = YES;
				GCC_WARN_ABOUT_RETURN_TYPE = YES_ERROR;
				GCC_WARN_UNDECLARED_SELECTOR = YES;
				GCC_WARN_UNINITIALIZED_AUTOS = YES_AGGRESSIVE;
				GCC_WARN_UNUSED_FUNCTION = YES;
				GCC_WARN_UNUSED_VARIABLE = YES;
				IPHONEOS_DEPLOYMENT_TARGET = 8.3;
				MTL_ENABLE_DEBUG_INFO = YES;
				ONLY_ACTIVE_ARCH = YES;
				SDKROOT = iphoneos;
				TARGETED_DEVICE_FAMILY = "1,2";
			};
			name = Debug;
		};
		8A3CDFB21B2F80B10059AEB0 /* Release */ = {
			isa = XCBuildConfiguration;
			buildSettings = {
				ALWAYS_SEARCH_USER_PATHS = NO;
				CLANG_CXX_LANGUAGE_STANDARD = "gnu++0x";
				CLANG_CXX_LIBRARY = "libc++";
				CLANG_ENABLE_MODULES = YES;
				CLANG_ENABLE_OBJC_ARC = YES;
				CLANG_WARN_BOOL_CONVERSION = YES;
				CLANG_WARN_CONSTANT_CONVERSION = YES;
				CLANG_WARN_DIRECT_OBJC_ISA_USAGE = YES_ERROR;
				CLANG_WARN_EMPTY_BODY = YES;
				CLANG_WARN_ENUM_CONVERSION = YES;
				CLANG_WARN_INT_CONVERSION = YES;
				CLANG_WARN_OBJC_ROOT_CLASS = YES_ERROR;
				CLANG_WARN_UNREACHABLE_CODE = YES;
				CLANG_WARN__DUPLICATE_METHOD_MATCH = YES;
				"CODE_SIGN_IDENTITY[sdk=iphoneos*]" = "iPhone Developer";
				COPY_PHASE_STRIP = NO;
				DEBUG_INFORMATION_FORMAT = "dwarf-with-dsym";
				ENABLE_NS_ASSERTIONS = NO;
				ENABLE_STRICT_OBJC_MSGSEND = YES;
				GCC_C_LANGUAGE_STANDARD = gnu99;
				GCC_NO_COMMON_BLOCKS = YES;
				GCC_WARN_64_TO_32_BIT_CONVERSION = YES;
				GCC_WARN_ABOUT_RETURN_TYPE = YES_ERROR;
				GCC_WARN_UNDECLARED_SELECTOR = YES;
				GCC_WARN_UNINITIALIZED_AUTOS = YES_AGGRESSIVE;
				GCC_WARN_UNUSED_FUNCTION = YES;
				GCC_WARN_UNUSED_VARIABLE = YES;
				IPHONEOS_DEPLOYMENT_TARGET = 8.3;
				MTL_ENABLE_DEBUG_INFO = NO;
				SDKROOT = iphoneos;
				TARGETED_DEVICE_FAMILY = "1,2";
				VALIDATE_PRODUCT = YES;
			};
			name = Release;
		};
		8A3CDFB41B2F80B10059AEB0 /* Debug */ = {
			isa = XCBuildConfiguration;
			buildSettings = {
				ASSETCATALOG_COMPILER_APPICON_NAME = AppIcon;
				INFOPLIST_FILE = "LFHS MUN/Info.plist";
				IPHONEOS_DEPLOYMENT_TARGET = 7.0;
				LD_RUNPATH_SEARCH_PATHS = "$(inherited) @executable_path/Frameworks";
				PRODUCT_NAME = "$(TARGET_NAME)";
			};
			name = Debug;
		};
		8A3CDFB51B2F80B10059AEB0 /* Release */ = {
			isa = XCBuildConfiguration;
			buildSettings = {
				ASSETCATALOG_COMPILER_APPICON_NAME = AppIcon;
				INFOPLIST_FILE = "LFHS MUN/Info.plist";
				IPHONEOS_DEPLOYMENT_TARGET = 7.0;
				LD_RUNPATH_SEARCH_PATHS = "$(inherited) @executable_path/Frameworks";
				PRODUCT_NAME = "$(TARGET_NAME)";
			};
			name = Release;
		};
		8A3CDFB71B2F80B10059AEB0 /* Debug */ = {
			isa = XCBuildConfiguration;
			buildSettings = {
				BUNDLE_LOADER = "$(TEST_HOST)";
				FRAMEWORK_SEARCH_PATHS = (
					"$(SDKROOT)/Developer/Library/Frameworks",
					"$(inherited)",
				);
				GCC_PREPROCESSOR_DEFINITIONS = (
					"DEBUG=1",
					"$(inherited)",
				);
				INFOPLIST_FILE = "LFHS MUNTests/Info.plist";
				LD_RUNPATH_SEARCH_PATHS = "$(inherited) @executable_path/Frameworks @loader_path/Frameworks";
				PRODUCT_NAME = "$(TARGET_NAME)";
				TEST_HOST = "$(BUILT_PRODUCTS_DIR)/LFHS MUN.app/LFHS MUN";
			};
			name = Debug;
		};
		8A3CDFB81B2F80B10059AEB0 /* Release */ = {
			isa = XCBuildConfiguration;
			buildSettings = {
				BUNDLE_LOADER = "$(TEST_HOST)";
				FRAMEWORK_SEARCH_PATHS = (
					"$(SDKROOT)/Developer/Library/Frameworks",
					"$(inherited)",
				);
				INFOPLIST_FILE = "LFHS MUNTests/Info.plist";
				LD_RUNPATH_SEARCH_PATHS = "$(inherited) @executable_path/Frameworks @loader_path/Frameworks";
				PRODUCT_NAME = "$(TARGET_NAME)";
				TEST_HOST = "$(BUILT_PRODUCTS_DIR)/LFHS MUN.app/LFHS MUN";
			};
			name = Release;
		};
/* End XCBuildConfiguration section */

/* Begin XCConfigurationList section */
		8A3CDF8B1B2F80B10059AEB0 /* Build configuration list for PBXProject "LFHS MUN" */ = {
			isa = XCConfigurationList;
			buildConfigurations = (
				8A3CDFB11B2F80B10059AEB0 /* Debug */,
				8A3CDFB21B2F80B10059AEB0 /* Release */,
			);
			defaultConfigurationIsVisible = 0;
			defaultConfigurationName = Release;
		};
		8A3CDFB31B2F80B10059AEB0 /* Build configuration list for PBXNativeTarget "LFHS MUN" */ = {
			isa = XCConfigurationList;
			buildConfigurations = (
				8A3CDFB41B2F80B10059AEB0 /* Debug */,
				8A3CDFB51B2F80B10059AEB0 /* Release */,
			);
			defaultConfigurationIsVisible = 0;
			defaultConfigurationName = Release;
		};
		8A3CDFB61B2F80B10059AEB0 /* Build configuration list for PBXNativeTarget "LFHS MUNTests" */ = {
			isa = XCConfigurationList;
			buildConfigurations = (
				8A3CDFB71B2F80B10059AEB0 /* Debug */,
				8A3CDFB81B2F80B10059AEB0 /* Release */,
			);
			defaultConfigurationIsVisible = 0;
			defaultConfigurationName = Release;
		};
/* End XCConfigurationList section */
	};
	rootObject = 8A3CDF881B2F80B10059AEB0 /* Project object */;
}
